// !$*UTF8*$!
{
	archiveVersion = 1;
	classes = {
	};
	objectVersion = 46;
	objects = {

/* Begin PBXBuildFile section */
		C45A8D431DC1602D00314C46 /* main.cpp in Sources */ = {isa = PBXBuildFile; fileRef = C45A8D421DC1602D00314C46 /* main.cpp */; };
		C45A8D4E1DC16B3800314C46 /* heapalg.cpp in Sources */ = {isa = PBXBuildFile; fileRef = C45A8D4D1DC16B3800314C46 /* heapalg.cpp */; };
/* End PBXBuildFile section */

/* Begin PBXCopyFilesBuildPhase section */
		C45A8D3D1DC1602D00314C46 /* CopyFiles */ = {
			isa = PBXCopyFilesBuildPhase;
			buildActionMask = 2147483647;
			dstPath = /usr/share/man/man1/;
			dstSubfolderSpec = 0;
			files = (
			);
			runOnlyForDeploymentPostprocessing = 1;
		};
/* End PBXCopyFilesBuildPhase section */

/* Begin PBXFileReference section */
		C45A8D3F1DC1602D00314C46 /* Mine Escape */ = {isa = PBXFileReference; explicitFileType = "compiled.mach-o.executable"; includeInIndex = 0; path = "Mine Escape"; sourceTree = BUILT_PRODUCTS_DIR; };
		C45A8D421DC1602D00314C46 /* main.cpp */ = {isa = PBXFileReference; lastKnownFileType = sourcecode.cpp.cpp; path = main.cpp; sourceTree = "<group>"; };
		C45A8D491DC162B800314C46 /* README.md */ = {isa = PBXFileReference; fileEncoding = 4; lastKnownFileType = net.daringfireball.markdown; path = README.md; sourceTree = "<group>"; };
		C45A8D4B1DC1668F00314C46 /* eecs281heap.h */ = {isa = PBXFileReference; lastKnownFileType = sourcecode.c.h; path = eecs281heap.h; sourceTree = "<group>"; };
		C45A8D4C1DC16ADA00314C46 /* heapalg.h */ = {isa = PBXFileReference; lastKnownFileType = sourcecode.c.h; path = heapalg.h; sourceTree = "<group>"; };
		C45A8D4D1DC16B3800314C46 /* heapalg.cpp */ = {isa = PBXFileReference; fileEncoding = 4; lastKnownFileType = sourcecode.cpp.cpp; path = heapalg.cpp; sourceTree = "<group>"; };
		C45A8D4F1DC16C5600314C46 /* binary_heap.h */ = {isa = PBXFileReference; lastKnownFileType = sourcecode.c.h; path = binary_heap.h; sourceTree = "<group>"; };
		C45A8D511DC1703900314C46 /* test-1.txt */ = {isa = PBXFileReference; fileEncoding = 4; lastKnownFileType = text; name = "test-1.txt"; path = "Mine Escape/test-1.txt"; sourceTree = "<group>"; };
/* End PBXFileReference section */

/* Begin PBXFrameworksBuildPhase section */
		C45A8D3C1DC1602D00314C46 /* Frameworks */ = {
			isa = PBXFrameworksBuildPhase;
			buildActionMask = 2147483647;
			files = (
			);
			runOnlyForDeploymentPostprocessing = 0;
		};
/* End PBXFrameworksBuildPhase section */

/* Begin PBXGroup section */
		C45A8D361DC1602D00314C46 = {
			isa = PBXGroup;
			children = (
				C45A8D491DC162B800314C46 /* README.md */,
				C45A8D411DC1602D00314C46 /* Mine Escape */,
				C45A8D501DC16E2800314C46 /* Test Files */,
				C45A8D401DC1602D00314C46 /* Products */,
			);
			sourceTree = "<group>";
		};
		C45A8D401DC1602D00314C46 /* Products */ = {
			isa = PBXGroup;
			children = (
				C45A8D3F1DC1602D00314C46 /* Mine Escape */,
			);
			name = Products;
			sourceTree = "<group>";
		};
		C45A8D411DC1602D00314C46 /* Mine Escape */ = {
			isa = PBXGroup;
			children = (
				C45A8D421DC1602D00314C46 /* main.cpp */,
				C45A8D4B1DC1668F00314C46 /* eecs281heap.h */,
				C45A8D4C1DC16ADA00314C46 /* heapalg.h */,
				C45A8D4D1DC16B3800314C46 /* heapalg.cpp */,
				C45A8D4F1DC16C5600314C46 /* binary_heap.h */,
			);
			path = "Mine Escape";
			sourceTree = "<group>";
		};
		C45A8D501DC16E2800314C46 /* Test Files */ = {
			isa = PBXGroup;
			children = (
				C45A8D511DC1703900314C46 /* test-1.txt */,
			);
			name = "Test Files";
			sourceTree = "<group>";
		};
/* End PBXGroup section */

/* Begin PBXNativeTarget section */
		C45A8D3E1DC1602D00314C46 /* Mine Escape */ = {
			isa = PBXNativeTarget;
			buildConfigurationList = C45A8D461DC1602D00314C46 /* Build configuration list for PBXNativeTarget "Mine Escape" */;
			buildPhases = (
				C45A8D3B1DC1602D00314C46 /* Sources */,
				C45A8D3C1DC1602D00314C46 /* Frameworks */,
				C45A8D3D1DC1602D00314C46 /* CopyFiles */,
			);
			buildRules = (
			);
			dependencies = (
			);
			name = "Mine Escape";
			productName = "Mine Escape";
			productReference = C45A8D3F1DC1602D00314C46 /* Mine Escape */;
			productType = "com.apple.product-type.tool";
		};
/* End PBXNativeTarget section */

/* Begin PBXProject section */
		C45A8D371DC1602D00314C46 /* Project object */ = {
			isa = PBXProject;
			attributes = {
				LastUpgradeCheck = 0800;
				ORGANIZATIONNAME = "Dimitri Tolios";
				TargetAttributes = {
					C45A8D3E1DC1602D00314C46 = {
						CreatedOnToolsVersion = 8.0;
						ProvisioningStyle = Automatic;
					};
				};
			};
			buildConfigurationList = C45A8D3A1DC1602D00314C46 /* Build configuration list for PBXProject "Mine Escape" */;
			compatibilityVersion = "Xcode 3.2";
			developmentRegion = English;
			hasScannedForEncodings = 0;
			knownRegions = (
				en,
			);
			mainGroup = C45A8D361DC1602D00314C46;
			productRefGroup = C45A8D401DC1602D00314C46 /* Products */;
			projectDirPath = "";
			projectRoot = "";
			targets = (
				C45A8D3E1DC1602D00314C46 /* Mine Escape */,
			);
		};
/* End PBXProject section */

/* Begin PBXSourcesBuildPhase section */
		C45A8D3B1DC1602D00314C46 /* Sources */ = {
			isa = PBXSourcesBuildPhase;
			buildActionMask = 2147483647;
			files = (
				C45A8D4E1DC16B3800314C46 /* heapalg.cpp in Sources */,
				C45A8D431DC1602D00314C46 /* main.cpp in Sources */,
			);
			runOnlyForDeploymentPostprocessing = 0;
		};
/* End PBXSourcesBuildPhase section */

/* Begin XCBuildConfiguration section */
		C45A8D441DC1602D00314C46 /* Debug */ = {
			isa = XCBuildConfiguration;
			buildSettings = {
				ALWAYS_SEARCH_USER_PATHS = NO;
				CLANG_ANALYZER_NONNULL = YES;
				CLANG_CXX_LANGUAGE_STANDARD = "gnu++0x";
				CLANG_CXX_LIBRARY = "libc++";
				CLANG_ENABLE_MODULES = YES;
				CLANG_ENABLE_OBJC_ARC = YES;
				CLANG_WARN_BOOL_CONVERSION = YES;
				CLANG_WARN_CONSTANT_CONVERSION = YES;
				CLANG_WARN_DIRECT_OBJC_ISA_USAGE = YES_ERROR;
				CLANG_WARN_DOCUMENTATION_COMMENTS = YES;
				CLANG_WARN_EMPTY_BODY = YES;
				CLANG_WARN_ENUM_CONVERSION = YES;
				CLANG_WARN_INFINITE_RECURSION = YES;
				CLANG_WARN_INT_CONVERSION = YES;
				CLANG_WARN_OBJC_ROOT_CLASS = YES_ERROR;
				CLANG_WARN_SUSPICIOUS_MOVES = YES;
				CLANG_WARN_UNREACHABLE_CODE = YES;
				CLANG_WARN__DUPLICATE_METHOD_MATCH = YES;
				CODE_SIGN_IDENTITY = "-";
				COPY_PHASE_STRIP = NO;
				DEBUG_INFORMATION_FORMAT = dwarf;
				ENABLE_STRICT_OBJC_MSGSEND = YES;
				ENABLE_TESTABILITY = YES;
				GCC_C_LANGUAGE_STANDARD = gnu99;
				GCC_DYNAMIC_NO_PIC = NO;
				GCC_NO_COMMON_BLOCKS = YES;
				GCC_OPTIMIZATION_LEVEL = 0;
				GCC_PREPROCESSOR_DEFINITIONS = (
					"DEBUG=1",
					"$(inherited)",
				);
				GCC_WARN_64_TO_32_BIT_CONVERSION = YES;
				GCC_WARN_ABOUT_RETURN_TYPE = YES_ERROR;
				GCC_WARN_UNDECLARED_SELECTOR = YES;
				GCC_WARN_UNINITIALIZED_AUTOS = YES_AGGRESSIVE;
				GCC_WARN_UNUSED_FUNCTION = YES;
				GCC_WARN_UNUSED_VARIABLE = YES;
				MACOSX_DEPLOYMENT_TARGET = 10.11;
				MTL_ENABLE_DEBUG_INFO = YES;
				ONLY_ACTIVE_ARCH = YES;
				SDKROOT = macosx;
			};
			name = Debug;
		};
		C45A8D451DC1602D00314C46 /* Release */ = {
			isa = XCBuildConfiguration;
			buildSettings = {
				ALWAYS_SEARCH_USER_PATHS = NO;
				CLANG_ANALYZER_NONNULL = YES;
				CLANG_CXX_LANGUAGE_STANDARD = "gnu++0x";
				CLANG_CXX_LIBRARY = "libc++";
				CLANG_ENABLE_MODULES = YES;
				CLANG_ENABLE_OBJC_ARC = YES;
				CLANG_WARN_BOOL_CONVERSION = YES;
				CLANG_WARN_CONSTANT_CONVERSION = YES;
				CLANG_WARN_DIRECT_OBJC_ISA_USAGE = YES_ERROR;
				CLANG_WARN_DOCUMENTATION_COMMENTS = YES;
				CLANG_WARN_EMPTY_BODY = YES;
				CLANG_WARN_ENUM_CONVERSION = YES;
				CLANG_WARN_INFINITE_RECURSION = YES;
				CLANG_WARN_INT_CONVERSION = YES;
				CLANG_WARN_OBJC_ROOT_CLASS = YES_ERROR;
				CLANG_WARN_SUSPICIOUS_MOVES = YES;
				CLANG_WARN_UNREACHABLE_CODE = YES;
				CLANG_WARN__DUPLICATE_METHOD_MATCH = YES;
				CODE_SIGN_IDENTITY = "-";
				COPY_PHASE_STRIP = NO;
				DEBUG_INFORMATION_FORMAT = "dwarf-with-dsym";
				ENABLE_NS_ASSERTIONS = NO;
				ENABLE_STRICT_OBJC_MSGSEND = YES;
				GCC_C_LANGUAGE_STANDARD = gnu99;
				GCC_NO_COMMON_BLOCKS = YES;
				GCC_WARN_64_TO_32_BIT_CONVERSION = YES;
				GCC_WARN_ABOUT_RETURN_TYPE = YES_ERROR;
				GCC_WARN_UNDECLARED_SELECTOR = YES;
				GCC_WARN_UNINITIALIZED_AUTOS = YES_AGGRESSIVE;
				GCC_WARN_UNUSED_FUNCTION = YES;
				GCC_WARN_UNUSED_VARIABLE = YES;
				MACOSX_DEPLOYMENT_TARGET = 10.11;
				MTL_ENABLE_DEBUG_INFO = NO;
				SDKROOT = macosx;
			};
			name = Release;
		};
		C45A8D471DC1602D00314C46 /* Debug */ = {
			isa = XCBuildConfiguration;
			buildSettings = {
				ARCHS = "$(ARCHS_STANDARD_32_BIT)";
				PRODUCT_NAME = "$(TARGET_NAME)";
			};
			name = Debug;
		};
		C45A8D481DC1602D00314C46 /* Release */ = {
			isa = XCBuildConfiguration;
			buildSettings = {
				ARCHS = "$(ARCHS_STANDARD_32_BIT)";
				PRODUCT_NAME = "$(TARGET_NAME)";
			};
			name = Release;
		};
/* End XCBuildConfiguration section */

/* Begin XCConfigurationList section */
		C45A8D3A1DC1602D00314C46 /* Build configuration list for PBXProject "Mine Escape" */ = {
			isa = XCConfigurationList;
			buildConfigurations = (
				C45A8D441DC1602D00314C46 /* Debug */,
				C45A8D451DC1602D00314C46 /* Release */,
			);
			defaultConfigurationIsVisible = 0;
			defaultConfigurationName = Release;
		};
		C45A8D461DC1602D00314C46 /* Build configuration list for PBXNativeTarget "Mine Escape" */ = {
			isa = XCConfigurationList;
			buildConfigurations = (
				C45A8D471DC1602D00314C46 /* Debug */,
				C45A8D481DC1602D00314C46 /* Release */,
			);
			defaultConfigurationIsVisible = 0;
		};
/* End XCConfigurationList section */
	};
	rootObject = C45A8D371DC1602D00314C46 /* Project object */;
}
